// !$*UTF8*$!
{
	archiveVersion = 1;
	classes = {
	};
	objectVersion = 56;
	objects = {

/* Begin PBXBuildFile section */
		9EE2321A2D55AD5300DFA5E9 /* ExpenseTrackerAppApp.swift in Sources */ = {isa = PBXBuildFile; fileRef = 9EE232192D55AD5300DFA5E9 /* ExpenseTrackerAppApp.swift */; };
		9EE2321C2D55AD5300DFA5E9 /* ContentView.swift in Sources */ = {isa = PBXBuildFile; fileRef = 9EE2321B2D55AD5300DFA5E9 /* ContentView.swift */; };
		9EE2321E2D55AD5500DFA5E9 /* Assets.xcassets in Resources */ = {isa = PBXBuildFile; fileRef = 9EE2321D2D55AD5500DFA5E9 /* Assets.xcassets */; };
		9EE232212D55AD5500DFA5E9 /* Preview Assets.xcassets in Resources */ = {isa = PBXBuildFile; fileRef = 9EE232202D55AD5500DFA5E9 /* Preview Assets.xcassets */; };
		9EE2322B2D55AD5500DFA5E9 /* ExpenseTrackerAppTests.swift in Sources */ = {isa = PBXBuildFile; fileRef = 9EE2322A2D55AD5500DFA5E9 /* ExpenseTrackerAppTests.swift */; };
		9EE232352D55AD5500DFA5E9 /* ExpenseTrackerAppUITests.swift in Sources */ = {isa = PBXBuildFile; fileRef = 9EE232342D55AD5500DFA5E9 /* ExpenseTrackerAppUITests.swift */; };
		9EE232372D55AD5500DFA5E9 /* ExpenseTrackerAppUITestsLaunchTests.swift in Sources */ = {isa = PBXBuildFile; fileRef = 9EE232362D55AD5500DFA5E9 /* ExpenseTrackerAppUITestsLaunchTests.swift */; };
		9EE232442D55ADB800DFA5E9 /* Expense.swift in Sources */ = {isa = PBXBuildFile; fileRef = 9EE232432D55ADB800DFA5E9 /* Expense.swift */; };
		9EE232462D55AE7700DFA5E9 /* ExpenseViewModel.swift in Sources */ = {isa = PBXBuildFile; fileRef = 9EE232452D55AE7700DFA5E9 /* ExpenseViewModel.swift */; };
		9EE232482D55C6AC00DFA5E9 /* EditExpenseView.swift in Sources */ = {isa = PBXBuildFile; fileRef = 9EE232472D55C6AC00DFA5E9 /* EditExpenseView.swift */; };
/* End PBXBuildFile section */

/* Begin PBXContainerItemProxy section */
		9EE232272D55AD5500DFA5E9 /* PBXContainerItemProxy */ = {
			isa = PBXContainerItemProxy;
			containerPortal = 9EE2320E2D55AD5300DFA5E9 /* Project object */;
			proxyType = 1;
			remoteGlobalIDString = 9EE232152D55AD5300DFA5E9;
			remoteInfo = ExpenseTrackerApp;
		};
		9EE232312D55AD5500DFA5E9 /* PBXContainerItemProxy */ = {
			isa = PBXContainerItemProxy;
			containerPortal = 9EE2320E2D55AD5300DFA5E9 /* Project object */;
			proxyType = 1;
			remoteGlobalIDString = 9EE232152D55AD5300DFA5E9;
			remoteInfo = ExpenseTrackerApp;
		};
/* End PBXContainerItemProxy section */

/* Begin PBXFileReference section */
		9EE232162D55AD5300DFA5E9 /* ExpenseTrackerApp.app */ = {isa = PBXFileReference; explicitFileType = wrapper.application; includeInIndex = 0; path = ExpenseTrackerApp.app; sourceTree = BUILT_PRODUCTS_DIR; };
		9EE232192D55AD5300DFA5E9 /* ExpenseTrackerAppApp.swift */ = {isa = PBXFileReference; lastKnownFileType = sourcecode.swift; path = ExpenseTrackerAppApp.swift; sourceTree = "<group>"; };
		9EE2321B2D55AD5300DFA5E9 /* ContentView.swift */ = {isa = PBXFileReference; lastKnownFileType = sourcecode.swift; path = ContentView.swift; sourceTree = "<group>"; };
		9EE2321D2D55AD5500DFA5E9 /* Assets.xcassets */ = {isa = PBXFileReference; lastKnownFileType = folder.assetcatalog; path = Assets.xcassets; sourceTree = "<group>"; };
		9EE232202D55AD5500DFA5E9 /* Preview Assets.xcassets */ = {isa = PBXFileReference; lastKnownFileType = folder.assetcatalog; path = "Preview Assets.xcassets"; sourceTree = "<group>"; };
		9EE232262D55AD5500DFA5E9 /* ExpenseTrackerAppTests.xctest */ = {isa = PBXFileReference; explicitFileType = wrapper.cfbundle; includeInIndex = 0; path = ExpenseTrackerAppTests.xctest; sourceTree = BUILT_PRODUCTS_DIR; };
		9EE2322A2D55AD5500DFA5E9 /* ExpenseTrackerAppTests.swift */ = {isa = PBXFileReference; lastKnownFileType = sourcecode.swift; path = ExpenseTrackerAppTests.swift; sourceTree = "<group>"; };
		9EE232302D55AD5500DFA5E9 /* ExpenseTrackerAppUITests.xctest */ = {isa = PBXFileReference; explicitFileType = wrapper.cfbundle; includeInIndex = 0; path = ExpenseTrackerAppUITests.xctest; sourceTree = BUILT_PRODUCTS_DIR; };
		9EE232342D55AD5500DFA5E9 /* ExpenseTrackerAppUITests.swift */ = {isa = PBXFileReference; lastKnownFileType = sourcecode.swift; path = ExpenseTrackerAppUITests.swift; sourceTree = "<group>"; };
		9EE232362D55AD5500DFA5E9 /* ExpenseTrackerAppUITestsLaunchTests.swift */ = {isa = PBXFileReference; lastKnownFileType = sourcecode.swift; path = ExpenseTrackerAppUITestsLaunchTests.swift; sourceTree = "<group>"; };
		9EE232432D55ADB800DFA5E9 /* Expense.swift */ = {isa = PBXFileReference; lastKnownFileType = sourcecode.swift; path = Expense.swift; sourceTree = "<group>"; };
		9EE232452D55AE7700DFA5E9 /* ExpenseViewModel.swift */ = {isa = PBXFileReference; lastKnownFileType = sourcecode.swift; path = ExpenseViewModel.swift; sourceTree = "<group>"; };
		9EE232472D55C6AC00DFA5E9 /* EditExpenseView.swift */ = {isa = PBXFileReference; lastKnownFileType = sourcecode.swift; path = EditExpenseView.swift; sourceTree = "<group>"; };
/* End PBXFileReference section */

/* Begin PBXFrameworksBuildPhase section */
		9EE232132D55AD5300DFA5E9 /* Frameworks */ = {
			isa = PBXFrameworksBuildPhase;
			buildActionMask = 2147483647;
			files = (
			);
			runOnlyForDeploymentPostprocessing = 0;
		};
		9EE232232D55AD5500DFA5E9 /* Frameworks */ = {
			isa = PBXFrameworksBuildPhase;
			buildActionMask = 2147483647;
			files = (
			);
			runOnlyForDeploymentPostprocessing = 0;
		};
		9EE2322D2D55AD5500DFA5E9 /* Frameworks */ = {
			isa = PBXFrameworksBuildPhase;
			buildActionMask = 2147483647;
			files = (
			);
			runOnlyForDeploymentPostprocessing = 0;
		};
/* End PBXFrameworksBuildPhase section */

/* Begin PBXGroup section */
		9EE2320D2D55AD5300DFA5E9 = {
			isa = PBXGroup;
			children = (
				9EE232182D55AD5300DFA5E9 /* ExpenseTrackerApp */,
				9EE232292D55AD5500DFA5E9 /* ExpenseTrackerAppTests */,
				9EE232332D55AD5500DFA5E9 /* ExpenseTrackerAppUITests */,
				9EE232172D55AD5300DFA5E9 /* Products */,
			);
			sourceTree = "<group>";
		};
		9EE232172D55AD5300DFA5E9 /* Products */ = {
			isa = PBXGroup;
			children = (
				9EE232162D55AD5300DFA5E9 /* ExpenseTrackerApp.app */,
				9EE232262D55AD5500DFA5E9 /* ExpenseTrackerAppTests.xctest */,
				9EE232302D55AD5500DFA5E9 /* ExpenseTrackerAppUITests.xctest */,
			);
			name = Products;
			sourceTree = "<group>";
		};
		9EE232182D55AD5300DFA5E9 /* ExpenseTrackerApp */ = {
			isa = PBXGroup;
			children = (
				9EE232192D55AD5300DFA5E9 /* ExpenseTrackerAppApp.swift */,
				9EE2321B2D55AD5300DFA5E9 /* ContentView.swift */,
				9EE2321D2D55AD5500DFA5E9 /* Assets.xcassets */,
				9EE2321F2D55AD5500DFA5E9 /* Preview Content */,
				9EE232432D55ADB800DFA5E9 /* Expense.swift */,
				9EE232452D55AE7700DFA5E9 /* ExpenseViewModel.swift */,
				9EE232472D55C6AC00DFA5E9 /* EditExpenseView.swift */,
			);
			path = ExpenseTrackerApp;
			sourceTree = "<group>";
		};
		9EE2321F2D55AD5500DFA5E9 /* Preview Content */ = {
			isa = PBXGroup;
			children = (
				9EE232202D55AD5500DFA5E9 /* Preview Assets.xcassets */,
			);
			path = "Preview Content";
			sourceTree = "<group>";
		};
		9EE232292D55AD5500DFA5E9 /* ExpenseTrackerAppTests */ = {
			isa = PBXGroup;
			children = (
				9EE2322A2D55AD5500DFA5E9 /* ExpenseTrackerAppTests.swift */,
			);
			path = ExpenseTrackerAppTests;
			sourceTree = "<group>";
		};
		9EE232332D55AD5500DFA5E9 /* ExpenseTrackerAppUITests */ = {
			isa = PBXGroup;
			children = (
				9EE232342D55AD5500DFA5E9 /* ExpenseTrackerAppUITests.swift */,
				9EE232362D55AD5500DFA5E9 /* ExpenseTrackerAppUITestsLaunchTests.swift */,
			);
			path = ExpenseTrackerAppUITests;
			sourceTree = "<group>";
		};
/* End PBXGroup section */

/* Begin PBXNativeTarget section */
		9EE232152D55AD5300DFA5E9 /* ExpenseTrackerApp */ = {
			isa = PBXNativeTarget;
			buildConfigurationList = 9EE2323A2D55AD5500DFA5E9 /* Build configuration list for PBXNativeTarget "ExpenseTrackerApp" */;
			buildPhases = (
				9EE232122D55AD5300DFA5E9 /* Sources */,
				9EE232132D55AD5300DFA5E9 /* Frameworks */,
				9EE232142D55AD5300DFA5E9 /* Resources */,
			);
			buildRules = (
			);
			dependencies = (
			);
			name = ExpenseTrackerApp;
			productName = ExpenseTrackerApp;
			productReference = 9EE232162D55AD5300DFA5E9 /* ExpenseTrackerApp.app */;
			productType = "com.apple.product-type.application";
		};
		9EE232252D55AD5500DFA5E9 /* ExpenseTrackerAppTests */ = {
			isa = PBXNativeTarget;
			buildConfigurationList = 9EE2323D2D55AD5500DFA5E9 /* Build configuration list for PBXNativeTarget "ExpenseTrackerAppTests" */;
			buildPhases = (
				9EE232222D55AD5500DFA5E9 /* Sources */,
				9EE232232D55AD5500DFA5E9 /* Frameworks */,
				9EE232242D55AD5500DFA5E9 /* Resources */,
			);
			buildRules = (
			);
			dependencies = (
				9EE232282D55AD5500DFA5E9 /* PBXTargetDependency */,
			);
			name = ExpenseTrackerAppTests;
			productName = ExpenseTrackerAppTests;
			productReference = 9EE232262D55AD5500DFA5E9 /* ExpenseTrackerAppTests.xctest */;
			productType = "com.apple.product-type.bundle.unit-test";
		};
		9EE2322F2D55AD5500DFA5E9 /* ExpenseTrackerAppUITests */ = {
			isa = PBXNativeTarget;
			buildConfigurationList = 9EE232402D55AD5500DFA5E9 /* Build configuration list for PBXNativeTarget "ExpenseTrackerAppUITests" */;
			buildPhases = (
				9EE2322C2D55AD5500DFA5E9 /* Sources */,
				9EE2322D2D55AD5500DFA5E9 /* Frameworks */,
				9EE2322E2D55AD5500DFA5E9 /* Resources */,
			);
			buildRules = (
			);
			dependencies = (
				9EE232322D55AD5500DFA5E9 /* PBXTargetDependency */,
			);
			name = ExpenseTrackerAppUITests;
			productName = ExpenseTrackerAppUITests;
			productReference = 9EE232302D55AD5500DFA5E9 /* ExpenseTrackerAppUITests.xctest */;
			productType = "com.apple.product-type.bundle.ui-testing";
		};
/* End PBXNativeTarget section */

/* Begin PBXProject section */
		9EE2320E2D55AD5300DFA5E9 /* Project object */ = {
			isa = PBXProject;
			attributes = {
				BuildIndependentTargetsInParallel = 1;
				LastSwiftUpdateCheck = 1540;
				LastUpgradeCheck = 1540;
				TargetAttributes = {
					9EE232152D55AD5300DFA5E9 = {
						CreatedOnToolsVersion = 15.4;
					};
					9EE232252D55AD5500DFA5E9 = {
						CreatedOnToolsVersion = 15.4;
						TestTargetID = 9EE232152D55AD5300DFA5E9;
					};
					9EE2322F2D55AD5500DFA5E9 = {
						CreatedOnToolsVersion = 15.4;
						TestTargetID = 9EE232152D55AD5300DFA5E9;
					};
				};
			};
			buildConfigurationList = 9EE232112D55AD5300DFA5E9 /* Build configuration list for PBXProject "ExpenseTrackerApp" */;
			compatibilityVersion = "Xcode 14.0";
			developmentRegion = en;
			hasScannedForEncodings = 0;
			knownRegions = (
				en,
				Base,
			);
			mainGroup = 9EE2320D2D55AD5300DFA5E9;
			productRefGroup = 9EE232172D55AD5300DFA5E9 /* Products */;
			projectDirPath = "";
			projectRoot = "";
			targets = (
				9EE232152D55AD5300DFA5E9 /* ExpenseTrackerApp */,
				9EE232252D55AD5500DFA5E9 /* ExpenseTrackerAppTests */,
				9EE2322F2D55AD5500DFA5E9 /* ExpenseTrackerAppUITests */,
			);
		};
/* End PBXProject section */

/* Begin PBXResourcesBuildPhase section */
		9EE232142D55AD5300DFA5E9 /* Resources */ = {
			isa = PBXResourcesBuildPhase;
			buildActionMask = 2147483647;
			files = (
				9EE232212D55AD5500DFA5E9 /* Preview Assets.xcassets in Resources */,
				9EE2321E2D55AD5500DFA5E9 /* Assets.xcassets in Resources */,
			);
			runOnlyForDeploymentPostprocessing = 0;
		};
		9EE232242D55AD5500DFA5E9 /* Resources */ = {
			isa = PBXResourcesBuildPhase;
			buildActionMask = 2147483647;
			files = (
			);
			runOnlyForDeploymentPostprocessing = 0;
		};
		9EE2322E2D55AD5500DFA5E9 /* Resources */ = {
			isa = PBXResourcesBuildPhase;
			buildActionMask = 2147483647;
			files = (
			);
			runOnlyForDeploymentPostprocessing = 0;
		};
/* End PBXResourcesBuildPhase section */

/* Begin PBXSourcesBuildPhase section */
		9EE232122D55AD5300DFA5E9 /* Sources */ = {
			isa = PBXSourcesBuildPhase;
			buildActionMask = 2147483647;
			files = (
				9EE232442D55ADB800DFA5E9 /* Expense.swift in Sources */,
				9EE232482D55C6AC00DFA5E9 /* EditExpenseView.swift in Sources */,
				9EE232462D55AE7700DFA5E9 /* ExpenseViewModel.swift in Sources */,
				9EE2321C2D55AD5300DFA5E9 /* ContentView.swift in Sources */,
				9EE2321A2D55AD5300DFA5E9 /* ExpenseTrackerAppApp.swift in Sources */,
			);
			runOnlyForDeploymentPostprocessing = 0;
		};
		9EE232222D55AD5500DFA5E9 /* Sources */ = {
			isa = PBXSourcesBuildPhase;
			buildActionMask = 2147483647;
			files = (
				9EE2322B2D55AD5500DFA5E9 /* ExpenseTrackerAppTests.swift in Sources */,
			);
			runOnlyForDeploymentPostprocessing = 0;
		};
		9EE2322C2D55AD5500DFA5E9 /* Sources */ = {
			isa = PBXSourcesBuildPhase;
			buildActionMask = 2147483647;
			files = (
				9EE232372D55AD5500DFA5E9 /* ExpenseTrackerAppUITestsLaunchTests.swift in Sources */,
				9EE232352D55AD5500DFA5E9 /* ExpenseTrackerAppUITests.swift in Sources */,
			);
			runOnlyForDeploymentPostprocessing = 0;
		};
/* End PBXSourcesBuildPhase section */

/* Begin PBXTargetDependency section */
		9EE232282D55AD5500DFA5E9 /* PBXTargetDependency */ = {
			isa = PBXTargetDependency;
			target = 9EE232152D55AD5300DFA5E9 /* ExpenseTrackerApp */;
			targetProxy = 9EE232272D55AD5500DFA5E9 /* PBXContainerItemProxy */;
		};
		9EE232322D55AD5500DFA5E9 /* PBXTargetDependency */ = {
			isa = PBXTargetDependency;
			target = 9EE232152D55AD5300DFA5E9 /* ExpenseTrackerApp */;
			targetProxy = 9EE232312D55AD5500DFA5E9 /* PBXContainerItemProxy */;
		};
/* End PBXTargetDependency section */

/* Begin XCBuildConfiguration section */
		9EE232382D55AD5500DFA5E9 /* Debug */ = {
			isa = XCBuildConfiguration;
			buildSettings = {
				ALWAYS_SEARCH_USER_PATHS = NO;
				ASSETCATALOG_COMPILER_GENERATE_SWIFT_ASSET_SYMBOL_EXTENSIONS = YES;
				CLANG_ANALYZER_NONNULL = YES;
				CLANG_ANALYZER_NUMBER_OBJECT_CONVERSION = YES_AGGRESSIVE;
				CLANG_CXX_LANGUAGE_STANDARD = "gnu++20";
				CLANG_ENABLE_MODULES = YES;
				CLANG_ENABLE_OBJC_ARC = YES;
				CLANG_ENABLE_OBJC_WEAK = YES;
				CLANG_WARN_BLOCK_CAPTURE_AUTORELEASING = YES;
				CLANG_WARN_BOOL_CONVERSION = YES;
				CLANG_WARN_COMMA = YES;
				CLANG_WARN_CONSTANT_CONVERSION = YES;
				CLANG_WARN_DEPRECATED_OBJC_IMPLEMENTATIONS = YES;
				CLANG_WARN_DIRECT_OBJC_ISA_USAGE = YES_ERROR;
				CLANG_WARN_DOCUMENTATION_COMMENTS = YES;
				CLANG_WARN_EMPTY_BODY = YES;
				CLANG_WARN_ENUM_CONVERSION = YES;
				CLANG_WARN_INFINITE_RECURSION = YES;
				CLANG_WARN_INT_CONVERSION = YES;
				CLANG_WARN_NON_LITERAL_NULL_CONVERSION = YES;
				CLANG_WARN_OBJC_IMPLICIT_RETAIN_SELF = YES;
				CLANG_WARN_OBJC_LITERAL_CONVERSION = YES;
				CLANG_WARN_OBJC_ROOT_CLASS = YES_ERROR;
				CLANG_WARN_QUOTED_INCLUDE_IN_FRAMEWORK_HEADER = YES;
				CLANG_WARN_RANGE_LOOP_ANALYSIS = YES;
				CLANG_WARN_STRICT_PROTOTYPES = YES;
				CLANG_WARN_SUSPICIOUS_MOVE = YES;
				CLANG_WARN_UNGUARDED_AVAILABILITY = YES_AGGRESSIVE;
				CLANG_WARN_UNREACHABLE_CODE = YES;
				CLANG_WARN__DUPLICATE_METHOD_MATCH = YES;
				COPY_PHASE_STRIP = NO;
				DEBUG_INFORMATION_FORMAT = dwarf;
				ENABLE_STRICT_OBJC_MSGSEND = YES;
				ENABLE_TESTABILITY = YES;
				ENABLE_USER_SCRIPT_SANDBOXING = YES;
				GCC_C_LANGUAGE_STANDARD = gnu17;
				GCC_DYNAMIC_NO_PIC = NO;
				GCC_NO_COMMON_BLOCKS = YES;
				GCC_OPTIMIZATION_LEVEL = 0;
				GCC_PREPROCESSOR_DEFINITIONS = (
					"DEBUG=1",
					"$(inherited)",
				);
				GCC_WARN_64_TO_32_BIT_CONVERSION = YES;
				GCC_WARN_ABOUT_RETURN_TYPE = YES_ERROR;
				GCC_WARN_UNDECLARED_SELECTOR = YES;
				GCC_WARN_UNINITIALIZED_AUTOS = YES_AGGRESSIVE;
				GCC_WARN_UNUSED_FUNCTION = YES;
				GCC_WARN_UNUSED_VARIABLE = YES;
				IPHONEOS_DEPLOYMENT_TARGET = 17.5;
				LOCALIZATION_PREFERS_STRING_CATALOGS = YES;
				MTL_ENABLE_DEBUG_INFO = INCLUDE_SOURCE;
				MTL_FAST_MATH = YES;
				ONLY_ACTIVE_ARCH = YES;
				SDKROOT = iphoneos;
				SWIFT_ACTIVE_COMPILATION_CONDITIONS = "DEBUG $(inherited)";
				SWIFT_OPTIMIZATION_LEVEL = "-Onone";
			};
			name = Debug;
		};
		9EE232392D55AD5500DFA5E9 /* Release */ = {
			isa = XCBuildConfiguration;
			buildSettings = {
				ALWAYS_SEARCH_USER_PATHS = NO;
				ASSETCATALOG_COMPILER_GENERATE_SWIFT_ASSET_SYMBOL_EXTENSIONS = YES;
				CLANG_ANALYZER_NONNULL = YES;
				CLANG_ANALYZER_NUMBER_OBJECT_CONVERSION = YES_AGGRESSIVE;
				CLANG_CXX_LANGUAGE_STANDARD = "gnu++20";
				CLANG_ENABLE_MODULES = YES;
				CLANG_ENABLE_OBJC_ARC = YES;
				CLANG_ENABLE_OBJC_WEAK = YES;
				CLANG_WARN_BLOCK_CAPTURE_AUTORELEASING = YES;
				CLANG_WARN_BOOL_CONVERSION = YES;
				CLANG_WARN_COMMA = YES;
				CLANG_WARN_CONSTANT_CONVERSION = YES;
				CLANG_WARN_DEPRECATED_OBJC_IMPLEMENTATIONS = YES;
				CLANG_WARN_DIRECT_OBJC_ISA_USAGE = YES_ERROR;
				CLANG_WARN_DOCUMENTATION_COMMENTS = YES;
				CLANG_WARN_EMPTY_BODY = YES;
				CLANG_WARN_ENUM_CONVERSION = YES;
				CLANG_WARN_INFINITE_RECURSION = YES;
				CLANG_WARN_INT_CONVERSION = YES;
				CLANG_WARN_NON_LITERAL_NULL_CONVERSION = YES;
				CLANG_WARN_OBJC_IMPLICIT_RETAIN_SELF = YES;
				CLANG_WARN_OBJC_LITERAL_CONVERSION = YES;
				CLANG_WARN_OBJC_ROOT_CLASS = YES_ERROR;
				CLANG_WARN_QUOTED_INCLUDE_IN_FRAMEWORK_HEADER = YES;
				CLANG_WARN_RANGE_LOOP_ANALYSIS = YES;
				CLANG_WARN_STRICT_PROTOTYPES = YES;
				CLANG_WARN_SUSPICIOUS_MOVE = YES;
				CLANG_WARN_UNGUARDED_AVAILABILITY = YES_AGGRESSIVE;
				CLANG_WARN_UNREACHABLE_CODE = YES;
				CLANG_WARN__DUPLICATE_METHOD_MATCH = YES;
				COPY_PHASE_STRIP = NO;
				DEBUG_INFORMATION_FORMAT = "dwarf-with-dsym";
				ENABLE_NS_ASSERTIONS = NO;
				ENABLE_STRICT_OBJC_MSGSEND = YES;
				ENABLE_USER_SCRIPT_SANDBOXING = YES;
				GCC_C_LANGUAGE_STANDARD = gnu17;
				GCC_NO_COMMON_BLOCKS = YES;
				GCC_WARN_64_TO_32_BIT_CONVERSION = YES;
				GCC_WARN_ABOUT_RETURN_TYPE = YES_ERROR;
				GCC_WARN_UNDECLARED_SELECTOR = YES;
				GCC_WARN_UNINITIALIZED_AUTOS = YES_AGGRESSIVE;
				GCC_WARN_UNUSED_FUNCTION = YES;
				GCC_WARN_UNUSED_VARIABLE = YES;
				IPHONEOS_DEPLOYMENT_TARGET = 17.5;
				LOCALIZATION_PREFERS_STRING_CATALOGS = YES;
				MTL_ENABLE_DEBUG_INFO = NO;
				MTL_FAST_MATH = YES;
				SDKROOT = iphoneos;
				SWIFT_COMPILATION_MODE = wholemodule;
				VALIDATE_PRODUCT = YES;
			};
			name = Release;
		};
		9EE2323B2D55AD5500DFA5E9 /* Debug */ = {
			isa = XCBuildConfiguration;
			buildSettings = {
				ASSETCATALOG_COMPILER_APPICON_NAME = AppIcon;
				ASSETCATALOG_COMPILER_GLOBAL_ACCENT_COLOR_NAME = AccentColor;
				CODE_SIGN_STYLE = Automatic;
				CURRENT_PROJECT_VERSION = 1;
				DEVELOPMENT_ASSET_PATHS = "\"ExpenseTrackerApp/Preview Content\"";
				ENABLE_PREVIEWS = YES;
				GENERATE_INFOPLIST_FILE = YES;
				INFOPLIST_KEY_UIApplicationSceneManifest_Generation = YES;
				INFOPLIST_KEY_UIApplicationSupportsIndirectInputEvents = YES;
				INFOPLIST_KEY_UILaunchScreen_Generation = YES;
				INFOPLIST_KEY_UISupportedInterfaceOrientations_iPad = "UIInterfaceOrientationPortrait UIInterfaceOrientationPortraitUpsideDown UIInterfaceOrientationLandscapeLeft UIInterfaceOrientationLandscapeRight";
				INFOPLIST_KEY_UISupportedInterfaceOrientations_iPhone = "UIInterfaceOrientationPortrait UIInterfaceOrientationLandscapeLeft UIInterfaceOrientationLandscapeRight";
				LD_RUNPATH_SEARCH_PATHS = (
					"$(inherited)",
					"@executable_path/Frameworks",
				);
				MARKETING_VERSION = 1.0;
				PRODUCT_BUNDLE_IDENTIFIER = ChideraN01604341.ExpenseTrackerApp;
				PRODUCT_NAME = "$(TARGET_NAME)";
				SWIFT_EMIT_LOC_STRINGS = YES;
				SWIFT_VERSION = 5.0;
				TARGETED_DEVICE_FAMILY = "1,2";
			};
			name = Debug;
		};
		9EE2323C2D55AD5500DFA5E9 /* Release */ = {
			isa = XCBuildConfiguration;
			buildSettings = {
				ASSETCATALOG_COMPILER_APPICON_NAME = AppIcon;
				ASSETCATALOG_COMPILER_GLOBAL_ACCENT_COLOR_NAME = AccentColor;
				CODE_SIGN_STYLE = Automatic;
				CURRENT_PROJECT_VERSION = 1;
				DEVELOPMENT_ASSET_PATHS = "\"ExpenseTrackerApp/Preview Content\"";
				ENABLE_PREVIEWS = YES;
				GENERATE_INFOPLIST_FILE = YES;
				INFOPLIST_KEY_UIApplicationSceneManifest_Generation = YES;
				INFOPLIST_KEY_UIApplicationSupportsIndirectInputEvents = YES;
				INFOPLIST_KEY_UILaunchScreen_Generation = YES;
				INFOPLIST_KEY_UISupportedInterfaceOrientations_iPad = "UIInterfaceOrientationPortrait UIInterfaceOrientationPortraitUpsideDown UIInterfaceOrientationLandscapeLeft UIInterfaceOrientationLandscapeRight";
				INFOPLIST_KEY_UISupportedInterfaceOrientations_iPhone = "UIInterfaceOrientationPortrait UIInterfaceOrientationLandscapeLeft UIInterfaceOrientationLandscapeRight";
				LD_RUNPATH_SEARCH_PATHS = (
					"$(inherited)",
					"@executable_path/Frameworks",
				);
				MARKETING_VERSION = 1.0;
				PRODUCT_BUNDLE_IDENTIFIER = ChideraN01604341.ExpenseTrackerApp;
				PRODUCT_NAME = "$(TARGET_NAME)";
				SWIFT_EMIT_LOC_STRINGS = YES;
				SWIFT_VERSION = 5.0;
				TARGETED_DEVICE_FAMILY = "1,2";
			};
			name = Release;
		};
		9EE2323E2D55AD5500DFA5E9 /* Debug */ = {
			isa = XCBuildConfiguration;
			buildSettings = {
				ALWAYS_EMBED_SWIFT_STANDARD_LIBRARIES = YES;
				BUNDLE_LOADER = "$(TEST_HOST)";
				CODE_SIGN_STYLE = Automatic;
				CURRENT_PROJECT_VERSION = 1;
				GENERATE_INFOPLIST_FILE = YES;
				IPHONEOS_DEPLOYMENT_TARGET = 17.5;
				MARKETING_VERSION = 1.0;
				PRODUCT_BUNDLE_IDENTIFIER = ChideraN01604341.ExpenseTrackerAppTests;
				PRODUCT_NAME = "$(TARGET_NAME)";
				SWIFT_EMIT_LOC_STRINGS = NO;
				SWIFT_VERSION = 5.0;
				TARGETED_DEVICE_FAMILY = "1,2";
				TEST_HOST = "$(BUILT_PRODUCTS_DIR)/ExpenseTrackerApp.app/$(BUNDLE_EXECUTABLE_FOLDER_PATH)/ExpenseTrackerApp";
			};
			name = Debug;
		};
		9EE2323F2D55AD5500DFA5E9 /* Release */ = {
			isa = XCBuildConfiguration;
			buildSettings = {
				ALWAYS_EMBED_SWIFT_STANDARD_LIBRARIES = YES;
				BUNDLE_LOADER = "$(TEST_HOST)";
				CODE_SIGN_STYLE = Automatic;
				CURRENT_PROJECT_VERSION = 1;
				GENERATE_INFOPLIST_FILE = YES;
				IPHONEOS_DEPLOYMENT_TARGET = 17.5;
				MARKETING_VERSION = 1.0;
				PRODUCT_BUNDLE_IDENTIFIER = ChideraN01604341.ExpenseTrackerAppTests;
				PRODUCT_NAME = "$(TARGET_NAME)";
				SWIFT_EMIT_LOC_STRINGS = NO;
				SWIFT_VERSION = 5.0;
				TARGETED_DEVICE_FAMILY = "1,2";
				TEST_HOST = "$(BUILT_PRODUCTS_DIR)/ExpenseTrackerApp.app/$(BUNDLE_EXECUTABLE_FOLDER_PATH)/ExpenseTrackerApp";
			};
			name = Release;
		};
		9EE232412D55AD5500DFA5E9 /* Debug */ = {
			isa = XCBuildConfiguration;
			buildSettings = {
				ALWAYS_EMBED_SWIFT_STANDARD_LIBRARIES = YES;
				CODE_SIGN_STYLE = Automatic;
				CURRENT_PROJECT_VERSION = 1;
				GENERATE_INFOPLIST_FILE = YES;
				MARKETING_VERSION = 1.0;
				PRODUCT_BUNDLE_IDENTIFIER = ChideraN01604341.ExpenseTrackerAppUITests;
				PRODUCT_NAME = "$(TARGET_NAME)";
				SWIFT_EMIT_LOC_STRINGS = NO;
				SWIFT_VERSION = 5.0;
				TARGETED_DEVICE_FAMILY = "1,2";
				TEST_TARGET_NAME = ExpenseTrackerApp;
			};
			name = Debug;
		};
		9EE232422D55AD5500DFA5E9 /* Release */ = {
			isa = XCBuildConfiguration;
			buildSettings = {
				ALWAYS_EMBED_SWIFT_STANDARD_LIBRARIES = YES;
				CODE_SIGN_STYLE = Automatic;
				CURRENT_PROJECT_VERSION = 1;
				GENERATE_INFOPLIST_FILE = YES;
				MARKETING_VERSION = 1.0;
				PRODUCT_BUNDLE_IDENTIFIER = ChideraN01604341.ExpenseTrackerAppUITests;
				PRODUCT_NAME = "$(TARGET_NAME)";
				SWIFT_EMIT_LOC_STRINGS = NO;
				SWIFT_VERSION = 5.0;
				TARGETED_DEVICE_FAMILY = "1,2";
				TEST_TARGET_NAME = ExpenseTrackerApp;
			};
			name = Release;
		};
/* End XCBuildConfiguration section */

/* Begin XCConfigurationList section */
		9EE232112D55AD5300DFA5E9 /* Build configuration list for PBXProject "ExpenseTrackerApp" */ = {
			isa = XCConfigurationList;
			buildConfigurations = (
				9EE232382D55AD5500DFA5E9 /* Debug */,
				9EE232392D55AD5500DFA5E9 /* Release */,
			);
			defaultConfigurationIsVisible = 0;
			defaultConfigurationName = Release;
		};
		9EE2323A2D55AD5500DFA5E9 /* Build configuration list for PBXNativeTarget "ExpenseTrackerApp" */ = {
			isa = XCConfigurationList;
			buildConfigurations = (
				9EE2323B2D55AD5500DFA5E9 /* Debug */,
				9EE2323C2D55AD5500DFA5E9 /* Release */,
			);
			defaultConfigurationIsVisible = 0;
			defaultConfigurationName = Release;
		};
		9EE2323D2D55AD5500DFA5E9 /* Build configuration list for PBXNativeTarget "ExpenseTrackerAppTests" */ = {
			isa = XCConfigurationList;
			buildConfigurations = (
				9EE2323E2D55AD5500DFA5E9 /* Debug */,
				9EE2323F2D55AD5500DFA5E9 /* Release */,
			);
			defaultConfigurationIsVisible = 0;
			defaultConfigurationName = Release;
		};
		9EE232402D55AD5500DFA5E9 /* Build configuration list for PBXNativeTarget "ExpenseTrackerAppUITests" */ = {
			isa = XCConfigurationList;
			buildConfigurations = (
				9EE232412D55AD5500DFA5E9 /* Debug */,
				9EE232422D55AD5500DFA5E9 /* Release */,
			);
			defaultConfigurationIsVisible = 0;
			defaultConfigurationName = Release;
		};
/* End XCConfigurationList section */
	};
	rootObject = 9EE2320E2D55AD5300DFA5E9 /* Project object */;
}
